lockVersion: 2.0.0
id: b83e1457-0e6c-47fc-b29c-e713af717d9f
management:
  docChecksum: 90d1f43fa206fae754e42dd847dc80e4
  docVersion: 2023-09
  speakeasyVersion: internal
  generationVersion: 2.237.2
  releaseVersion: 3.1.3
  configChecksum: 569907d56fedb2196012c95878e3fe1e
  repoURL: https://github.com/speakeasy-sdks/easyship-ruby.git
  repoSubDirectory: .
  installationURL: https://github.com/speakeasy-sdks/easyship-ruby
features:
  ruby:
    core: 3.2.2
    flattening: 2.81.1
    globalSecurity: 2.81.3
    globalServerURLs: 2.82.1
    groups: 2.81.2
    nameOverrides: 2.81.1
generatedFiles:
  - lib/api/sdkconfiguration.rb
  - lib/api/companies.rb
  - lib/api/organizations.rb
  - lib/api/auth.rb
  - lib/api/sdk.rb
  - .rubocop.yml
  - Gemfile
  - Rakefile
  - lib/api/utils/metadata_fields.rb
  - lib/api/utils/utils.rb
  - sorbet/config
  - sorbet/rbi/annotations/.gitattributes
  - sorbet/rbi/annotations/faraday.rbi
  - sorbet/rbi/annotations/rainbow.rbi
  - sorbet/rbi/gems/.gitattributes
  - sorbet/rbi/gems/ast@2.4.2.rbi
  - sorbet/rbi/gems/base64@0.1.1.rbi
  - sorbet/rbi/gems/erubi@1.12.0.rbi
  - sorbet/rbi/gems/faraday-multipart@1.0.4.rbi
  - sorbet/rbi/gems/faraday-net_http@3.0.2.rbi
  - sorbet/rbi/gems/faraday@2.7.11.rbi
  - sorbet/rbi/gems/json@2.6.3.rbi
  - sorbet/rbi/gems/language_server-protocol@3.17.0.3.rbi
  - sorbet/rbi/gems/minitest@5.20.0.rbi
  - sorbet/rbi/gems/multipart-post@2.3.0.rbi
  - sorbet/rbi/gems/netrc@0.11.0.rbi
  - sorbet/rbi/gems/parallel@1.23.0.rbi
  - sorbet/rbi/gems/parser@3.2.2.4.rbi
  - sorbet/rbi/gems/prettier_print@1.2.1.rbi
  - sorbet/rbi/gems/racc@1.7.1.rbi
  - sorbet/rbi/gems/rack@3.0.8.rbi
  - sorbet/rbi/gems/rainbow@3.1.1.rbi
  - sorbet/rbi/gems/rake@13.0.6.rbi
  - sorbet/rbi/gems/rbi@0.1.1.rbi
  - sorbet/rbi/gems/regexp_parser@2.8.2.rbi
  - sorbet/rbi/gems/rexml@3.2.6.rbi
  - sorbet/rbi/gems/rubocop-ast@1.29.0.rbi
  - sorbet/rbi/gems/rubocop@1.57.1.rbi
  - sorbet/rbi/gems/ruby-progressbar@1.13.0.rbi
  - sorbet/rbi/gems/ruby2_keywords@0.0.5.rbi
  - sorbet/rbi/gems/spoom@1.2.4.rbi
  - sorbet/rbi/gems/syntax_tree@6.2.0.rbi
  - sorbet/rbi/gems/tapioca@0.11.9.rbi
  - sorbet/rbi/gems/thor@1.3.0.rbi
  - sorbet/rbi/gems/unicode-display_width@2.5.0.rbi
  - sorbet/rbi/gems/yard-sorbet@0.8.1.rbi
  - sorbet/rbi/gems/yard@0.9.34.rbi
  - sorbet/rbi/gems/yarp@0.13.0.rbi
  - sorbet/tapioca/config.yml
  - sorbet/tapioca/require.rb
  - easyship_ruby_sdk.gemspec
  - lib/api/models/operations/createcompanies.rb
  - lib/api/models/operations/listcompanies.rb
  - lib/api/models/operations/updatecompanies.rb
  - lib/api/models/operations/createorganizations.rb
  - lib/api/models/operations/deleteorganizations.rb
  - lib/api/models/operations/getorganizations.rb
  - lib/api/models/operations/listorganizations.rb
  - lib/api/models/operations/listorganizationcompanies.rb
  - lib/api/models/operations/updateorganizations.rb
  - lib/api/models/operations/introspecttoken.rb
  - lib/api/models/operations/retrievetoken.rb
  - lib/api/models/operations/retrieveinfo.rb
  - lib/api/models/operations/revoketoken.rb
  - lib/api/models/shared/company_single.rb
  - lib/api/models/shared/company.rb
  - lib/api/models/shared/organization.rb
  - lib/api/models/shared/countryalpha2.rb
  - lib/api/models/shared/error.rb
  - lib/api/models/shared/companycreate.rb
  - lib/api/models/shared/companyusercreate.rb
  - lib/api/models/shared/company_list.rb
  - lib/api/models/shared/pagination.rb
  - lib/api/models/shared/companyupdate.rb
  - lib/api/models/shared/owner.rb
  - lib/api/models/shared/organization_single.rb
  - lib/api/models/shared/organizationcreate.rb
  - lib/api/models/shared/success.rb
  - lib/api/models/shared/organization_list.rb
  - lib/api/models/shared/organizationupdate.rb
  - lib/api/models/shared/oauth2introspectresponse.rb
  - lib/api/models/shared/token_type.rb
  - lib/api/models/shared/oauth2introspectrequest.rb
  - lib/api/models/shared/oauth2tokenresponse.rb
  - lib/api/models/shared/oauth2clientcredentialsrequest.rb
  - lib/api/models/shared/oauth2tokeninfo.rb
  - lib/api/models/shared/revokeaccesstokenresponse.rb
  - lib/api/models/shared/oauth2tokenrevokerequest.rb
  - lib/api/models/shared/grant_type.rb
  - lib/api/models/shared/security.rb
  - lib/easyship_ruby_sdk.rb
  - docs/models/operations/createcompaniesresponse.md
  - docs/models/operations/sortby.md
  - docs/models/operations/sortdirection.md
  - docs/models/operations/listcompaniesrequest.md
  - docs/models/operations/listcompaniesresponse.md
  - docs/models/operations/updatecompaniesrequest.md
  - docs/models/operations/updatecompaniesresponse.md
  - docs/models/operations/createorganizationsresponse.md
  - docs/models/operations/deleteorganizationsrequest.md
  - docs/models/operations/deleteorganizationsresponse.md
  - docs/models/operations/getorganizationsrequest.md
  - docs/models/operations/getorganizationsresponse.md
  - docs/models/operations/listorganizationsrequest.md
  - docs/models/operations/listorganizationsresponse.md
  - docs/models/operations/queryparamsortby.md
  - docs/models/operations/queryparamsortdirection.md
  - docs/models/operations/listorganizationcompaniesrequest.md
  - docs/models/operations/listorganizationcompaniesresponse.md
  - docs/models/operations/updateorganizationsrequest.md
  - docs/models/operations/updateorganizationsresponse.md
  - docs/models/operations/introspecttokenresponse.md
  - docs/models/operations/retrievetokenresponse.md
  - docs/models/operations/retrieveinforesponse.md
  - docs/models/operations/revoketokenresponse.md
  - docs/models/shared/companysingle.md
  - docs/models/shared/companyowner.md
  - docs/models/shared/company.md
  - docs/models/shared/organization.md
  - docs/models/shared/countryalpha2.md
  - docs/models/shared/type.md
  - docs/models/shared/errorerror.md
  - docs/models/shared/error.md
  - docs/models/shared/companycreate.md
  - docs/models/shared/companyusercreate.md
  - docs/models/shared/meta.md
  - docs/models/shared/companylist.md
  - docs/models/shared/pagination.md
  - docs/models/shared/companyupdate.md
  - docs/models/shared/owner.md
  - docs/models/shared/organizationsingle.md
  - docs/models/shared/organizationcreate.md
  - docs/models/shared/successsuccess.md
  - docs/models/shared/success.md
  - docs/models/shared/organizationlistmeta.md
  - docs/models/shared/organizationlist.md
  - docs/models/shared/organizationupdate.md
  - docs/models/shared/platform.md
  - docs/models/shared/oauth2introspectresponse.md
  - docs/models/shared/tokentype.md
  - docs/models/shared/oauth2introspectrequest.md
  - docs/models/shared/oauth2tokenresponsetokentype.md
  - docs/models/shared/oauth2tokenresponse.md
  - docs/models/shared/oauth2clientcredentialsrequestgranttype.md
  - docs/models/shared/oauth2clientcredentialsrequest.md
  - docs/models/shared/application.md
  - docs/models/shared/oauth2tokeninfo.md
  - docs/models/shared/revokeaccesstokenresponse.md
  - docs/models/shared/oauth2tokenrevokerequest.md
  - docs/models/shared/granttype.md
  - docs/models/shared/security.md
  - docs/sdks/api/README.md
  - docs/sdks/companies/README.md
  - docs/sdks/organizations/README.md
  - docs/sdks/auth/README.md
  - USAGE.md
  - .gitattributes
